
Microsoft Visual Studio Solution File, Format Version 12.00
# Visual Studio Version 17
VisualStudioVersion = 17.14.36518.9
MinimumVisualStudioVersion = 10.0.40219.1
Project("{FAE04EC0-301F-11D3-BF4B-00C04F79EFBC}") = "BasicClassConcepts", "BasicClassConcepts\BasicClassConcepts.csproj", "{B35E4362-0610-4E00-8663-BD093B82373C}"
EndProject
Project("{FAE04EC0-301F-11D3-BF4B-00C04F79EFBC}") = "FieldsAndProperties", "FieldsAndProperties\FieldsAndProperties.csproj", "{EB85CF76-D9BD-4A0B-BEA5-7A56B2BC377B}"
EndProject
Project("{FAE04EC0-301F-11D3-BF4B-00C04F79EFBC}") = "EmployeeAssignment", "EmployeeAssignment\EmployeeAssignment.csproj", "{1CDDFFFD-D729-4F8F-80DB-794D9E9BF231}"
EndProject
Global
	GlobalSection(SolutionConfigurationPlatforms) = preSolution
		Debug|Any CPU = Debug|Any CPU
		Release|Any CPU = Release|Any CPU
	EndGlobalSection
	GlobalSection(ProjectConfigurationPlatforms) = postSolution
		{B35E4362-0610-4E00-8663-BD093B82373C}.Debug|Any CPU.ActiveCfg = Debug|Any CPU
		{B35E4362-0610-4E00-8663-BD093B82373C}.Debug|Any CPU.Build.0 = Debug|Any CPU
		{B35E4362-0610-4E00-8663-BD093B82373C}.Release|Any CPU.ActiveCfg = Release|Any CPU
		{B35E4362-0610-4E00-8663-BD093B82373C}.Release|Any CPU.Build.0 = Release|Any CPU
		{EB85CF76-D9BD-4A0B-BEA5-7A56B2BC377B}.Debug|Any CPU.ActiveCfg = Debug|Any CPU
		{EB85CF76-D9BD-4A0B-BEA5-7A56B2BC377B}.Debug|Any CPU.Build.0 = Debug|Any CPU
		{EB85CF76-D9BD-4A0B-BEA5-7A56B2BC377B}.Release|Any CPU.ActiveCfg = Release|Any CPU
		{EB85CF76-D9BD-4A0B-BEA5-7A56B2BC377B}.Release|Any CPU.Build.0 = Release|Any CPU
		{1CDDFFFD-D729-4F8F-80DB-794D9E9BF231}.Debug|Any CPU.ActiveCfg = Debug|Any CPU
		{1CDDFFFD-D729-4F8F-80DB-794D9E9BF231}.Debug|Any CPU.Build.0 = Debug|Any CPU
		{1CDDFFFD-D729-4F8F-80DB-794D9E9BF231}.Release|Any CPU.ActiveCfg = Release|Any CPU
		{1CDDFFFD-D729-4F8F-80DB-794D9E9BF231}.Release|Any CPU.Build.0 = Release|Any CPU
	EndGlobalSection
	GlobalSection(SolutionProperties) = preSolution
		HideSolutionNode = FALSE
	EndGlobalSection
	GlobalSection(ExtensibilityGlobals) = postSolution
		SolutionGuid = {A7667252-C538-453D-9DEA-7727A3E12095}
	EndGlobalSection
EndGlobal
